// !$*UTF8*$!
{
	archiveVersion = 1;
	classes = {
	};
	objectVersion = 46;
	objects = {

/* Begin PBXBuildFile section */
		FA8C624217D8251900E4F6A0 /* main.c in Sources */ = {isa = PBXBuildFile; fileRef = FA8C624117D8251900E4F6A0 /* main.c */; };
		FA8C624417D8251900E4F6A0 /* _905_ALGORITHMS.1 in CopyFiles */ = {isa = PBXBuildFile; fileRef = FA8C624317D8251900E4F6A0 /* _905_ALGORITHMS.1 */; };
/* End PBXBuildFile section */

/* Begin PBXCopyFilesBuildPhase section */
		FA8C623C17D8251900E4F6A0 /* CopyFiles */ = {
			isa = PBXCopyFilesBuildPhase;
			buildActionMask = 2147483647;
			dstPath = /usr/share/man/man1/;
			dstSubfolderSpec = 0;
			files = (
				FA8C624417D8251900E4F6A0 /* _905_ALGORITHMS.1 in CopyFiles */,
			);
			runOnlyForDeploymentPostprocessing = 1;
		};
/* End PBXCopyFilesBuildPhase section */

/* Begin PBXFileReference section */
		FA8C623E17D8251900E4F6A0 /* 0905_ALGORITHMS */ = {isa = PBXFileReference; explicitFileType = "compiled.mach-o.executable"; includeInIndex = 0; path = 0905_ALGORITHMS; sourceTree = BUILT_PRODUCTS_DIR; };
		FA8C624117D8251900E4F6A0 /* main.c */ = {isa = PBXFileReference; lastKnownFileType = sourcecode.c.c; path = main.c; sourceTree = "<group>"; };
		FA8C624317D8251900E4F6A0 /* _905_ALGORITHMS.1 */ = {isa = PBXFileReference; lastKnownFileType = text.man; path = _905_ALGORITHMS.1; sourceTree = "<group>"; };
/* End PBXFileReference section */

/* Begin PBXFrameworksBuildPhase section */
		FA8C623B17D8251900E4F6A0 /* Frameworks */ = {
			isa = PBXFrameworksBuildPhase;
			buildActionMask = 2147483647;
			files = (
			);
			runOnlyForDeploymentPostprocessing = 0;
		};
/* End PBXFrameworksBuildPhase section */

/* Begin PBXGroup section */
		FA8C623517D8251900E4F6A0 = {
			isa = PBXGroup;
			children = (
				FA8C624017D8251900E4F6A0 /* 0905_ALGORITHMS */,
				FA8C623F17D8251900E4F6A0 /* Products */,
			);
			sourceTree = "<group>";
		};
		FA8C623F17D8251900E4F6A0 /* Products */ = {
			isa = PBXGroup;
			children = (
				FA8C623E17D8251900E4F6A0 /* 0905_ALGORITHMS */,
			);
			name = Products;
			sourceTree = "<group>";
		};
		FA8C624017D8251900E4F6A0 /* 0905_ALGORITHMS */ = {
			isa = PBXGroup;
			children = (
				FA8C624117D8251900E4F6A0 /* main.c */,
				FA8C624317D8251900E4F6A0 /* _905_ALGORITHMS.1 */,
			);
			path = 0905_ALGORITHMS;
			sourceTree = "<group>";
		};
/* End PBXGroup section */

/* Begin PBXNativeTarget section */
		FA8C623D17D8251900E4F6A0 /* 0905_ALGORITHMS */ = {
			isa = PBXNativeTarget;
			buildConfigurationList = FA8C624717D8251900E4F6A0 /* Build configuration list for PBXNativeTarget "0905_ALGORITHMS" */;
			buildPhases = (
				FA8C623A17D8251900E4F6A0 /* Sources */,
				FA8C623B17D8251900E4F6A0 /* Frameworks */,
				FA8C623C17D8251900E4F6A0 /* CopyFiles */,
			);
			buildRules = (
			);
			dependencies = (
			);
			name = 0905_ALGORITHMS;
			productName = 0905_ALGORITHMS;
			productReference = FA8C623E17D8251900E4F6A0 /* 0905_ALGORITHMS */;
			productType = "com.apple.product-type.tool";
		};
/* End PBXNativeTarget section */

/* Begin PBXProject section */
		FA8C623617D8251900E4F6A0 /* Project object */ = {
			isa = PBXProject;
			attributes = {
				LastUpgradeCheck = 0460;
				ORGANIZATIONNAME = "Youngnam Woo";
			};
			buildConfigurationList = FA8C623917D8251900E4F6A0 /* Build configuration list for PBXProject "0905_ALGORITHMS" */;
			compatibilityVersion = "Xcode 3.2";
			developmentRegion = English;
			hasScannedForEncodings = 0;
			knownRegions = (
				en,
			);
			mainGroup = FA8C623517D8251900E4F6A0;
			productRefGroup = FA8C623F17D8251900E4F6A0 /* Products */;
			projectDirPath = "";
			projectRoot = "";
			targets = (
				FA8C623D17D8251900E4F6A0 /* 0905_ALGORITHMS */,
			);
		};
/* End PBXProject section */

/* Begin PBXSourcesBuildPhase section */
		FA8C623A17D8251900E4F6A0 /* Sources */ = {
			isa = PBXSourcesBuildPhase;
			buildActionMask = 2147483647;
			files = (
				FA8C624217D8251900E4F6A0 /* main.c in Sources */,
			);
			runOnlyForDeploymentPostprocessing = 0;
		};
/* End PBXSourcesBuildPhase section */

/* Begin XCBuildConfiguration section */
		FA8C624517D8251900E4F6A0 /* Debug */ = {
			isa = XCBuildConfiguration;
			buildSettings = {
				ALWAYS_SEARCH_USER_PATHS = NO;
				ARCHS = "$(ARCHS_STANDARD_64_BIT)";
				CLANG_CXX_LANGUAGE_STANDARD = "gnu++0x";
				CLANG_CXX_LIBRARY = "libc++";
				CLANG_ENABLE_OBJC_ARC = YES;
				CLANG_WARN_CONSTANT_CONVERSION = YES;
				CLANG_WARN_EMPTY_BODY = YES;
				CLANG_WARN_ENUM_CONVERSION = YES;
				CLANG_WARN_INT_CONVERSION = YES;
				CLANG_WARN__DUPLICATE_METHOD_MATCH = YES;
				COPY_PHASE_STRIP = NO;
				GCC_C_LANGUAGE_STANDARD = gnu99;
				GCC_DYNAMIC_NO_PIC = NO;
				GCC_ENABLE_OBJC_EXCEPTIONS = YES;
				GCC_OPTIMIZATION_LEVEL = 0;
				GCC_PREPROCESSOR_DEFINITIONS = (
					"DEBUG=1",
					"$(inherited)",
				);
				GCC_SYMBOLS_PRIVATE_EXTERN = NO;
				GCC_WARN_64_TO_32_BIT_CONVERSION = YES;
				GCC_WARN_ABOUT_RETURN_TYPE = YES;
				GCC_WARN_UNINITIALIZED_AUTOS = YES;
				GCC_WARN_UNUSED_VARIABLE = YES;
				MACOSX_DEPLOYMENT_TARGET = 10.8;
				ONLY_ACTIVE_ARCH = YES;
				SDKROOT = macosx;
			};
			name = Debug;
		};
		FA8C624617D8251900E4F6A0 /* Release */ = {
			isa = XCBuildConfiguration;
			buildSettings = {
				ALWAYS_SEARCH_USER_PATHS = NO;
				ARCHS = "$(ARCHS_STANDARD_64_BIT)";
				CLANG_CXX_LANGUAGE_STANDARD = "gnu++0x";
				CLANG_CXX_LIBRARY = "libc++";
				CLANG_ENABLE_OBJC_ARC = YES;
				CLANG_WARN_CONSTANT_CONVERSION = YES;
				CLANG_WARN_EMPTY_BODY = YES;
				CLANG_WARN_ENUM_CONVERSION = YES;
				CLANG_WARN_INT_CONVERSION = YES;
				CLANG_WARN__DUPLICATE_METHOD_MATCH = YES;
				COPY_PHASE_STRIP = YES;
				DEBUG_INFORMATION_FORMAT = "dwarf-with-dsym";
				GCC_C_LANGUAGE_STANDARD = gnu99;
				GCC_ENABLE_OBJC_EXCEPTIONS = YES;
				GCC_WARN_64_TO_32_BIT_CONVERSION = YES;
				GCC_WARN_ABOUT_RETURN_TYPE = YES;
				GCC_WARN_UNINITIALIZED_AUTOS = YES;
				GCC_WARN_UNUSED_VARIABLE = YES;
				MACOSX_DEPLOYMENT_TARGET = 10.8;
				SDKROOT = macosx;
			};
			name = Release;
		};
		FA8C624817D8251900E4F6A0 /* Debug */ = {
			isa = XCBuildConfiguration;
			buildSettings = {
				PRODUCT_NAME = "$(TARGET_NAME)";
			};
			name = Debug;
		};
		FA8C624917D8251900E4F6A0 /* Release */ = {
			isa = XCBuildConfiguration;
			buildSettings = {
				PRODUCT_NAME = "$(TARGET_NAME)";
			};
			name = Release;
		};
/* End XCBuildConfiguration section */

/* Begin XCConfigurationList section */
		FA8C623917D8251900E4F6A0 /* Build configuration list for PBXProject "0905_ALGORITHMS" */ = {
			isa = XCConfigurationList;
			buildConfigurations = (
				FA8C624517D8251900E4F6A0 /* Debug */,
				FA8C624617D8251900E4F6A0 /* Release */,
			);
			defaultConfigurationIsVisible = 0;
			defaultConfigurationName = Release;
		};
		FA8C624717D8251900E4F6A0 /* Build configuration list for PBXNativeTarget "0905_ALGORITHMS" */ = {
			isa = XCConfigurationList;
			buildConfigurations = (
				FA8C624817D8251900E4F6A0 /* Debug */,
				FA8C624917D8251900E4F6A0 /* Release */,
			);
			defaultConfigurationIsVisible = 0;
		};
/* End XCConfigurationList section */
	};
	rootObject = FA8C623617D8251900E4F6A0 /* Project object */;
}
